
Microsoft Visual Studio Solution File, Format Version 12.00
# Visual Studio 15
VisualStudioVersion = 15.0.27130.2036
MinimumVisualStudioVersion = 10.0.40219.1
Project("{9A19103F-16F7-4668-BE54-9A1E7A4F7556}") = "MessengerApi", "MessengerApi\MessengerApi.csproj", "{70651A78-D6B2-4BAD-AB90-34508E893D07}"
EndProject
Project("{9A19103F-16F7-4668-BE54-9A1E7A4F7556}") = "MessengerApi.DAL", "MessengerApi.DAL\MessengerApi.DAL.csproj", "{87E81463-08ED-4858-9D29-00F37B07FC28}"
EndProject
Project("{9A19103F-16F7-4668-BE54-9A1E7A4F7556}") = "MessengerApi.Migrations", "MessengerApi.Migrations\MessengerApi.Migrations.csproj", "{56996B28-F6C8-4ADC-92E4-EA29F14029BB}"
EndProject
Project("{9A19103F-16F7-4668-BE54-9A1E7A4F7556}") = "MessengerApi.BLL", "MessengerApi.Services\MessengerApi.BLL.csproj", "{9B2F45F4-0472-48CA-8BC8-742AFD1A8FBA}"
EndProject
Project("{9A19103F-16F7-4668-BE54-9A1E7A4F7556}") = "MessengerApi.TcpServer", "MessengerApi.TcpServer\MessengerApi.TcpServer.csproj", "{59317610-C2B9-4117-904B-95EF10928DED}"
EndProject
Project("{FAE04EC0-301F-11D3-BF4B-00C04F79EFBC}") = "MessengerApi.Hubs", "MessengerApi.Hubs\MessengerApi.Hubs.csproj", "{1970215F-D41D-4E53-93B8-25A5374A9CF4}"
EndProject
Global
	GlobalSection(SolutionConfigurationPlatforms) = preSolution
		Debug|Any CPU = Debug|Any CPU
		Release|Any CPU = Release|Any CPU
	EndGlobalSection
	GlobalSection(ProjectConfigurationPlatforms) = postSolution
		{70651A78-D6B2-4BAD-AB90-34508E893D07}.Debug|Any CPU.ActiveCfg = Debug|Any CPU
		{70651A78-D6B2-4BAD-AB90-34508E893D07}.Debug|Any CPU.Build.0 = Debug|Any CPU
		{70651A78-D6B2-4BAD-AB90-34508E893D07}.Release|Any CPU.ActiveCfg = Release|Any CPU
		{70651A78-D6B2-4BAD-AB90-34508E893D07}.Release|Any CPU.Build.0 = Release|Any CPU
		{87E81463-08ED-4858-9D29-00F37B07FC28}.Debug|Any CPU.ActiveCfg = Debug|Any CPU
		{87E81463-08ED-4858-9D29-00F37B07FC28}.Debug|Any CPU.Build.0 = Debug|Any CPU
		{87E81463-08ED-4858-9D29-00F37B07FC28}.Release|Any CPU.ActiveCfg = Release|Any CPU
		{87E81463-08ED-4858-9D29-00F37B07FC28}.Release|Any CPU.Build.0 = Release|Any CPU
		{56996B28-F6C8-4ADC-92E4-EA29F14029BB}.Debug|Any CPU.ActiveCfg = Debug|Any CPU
		{56996B28-F6C8-4ADC-92E4-EA29F14029BB}.Debug|Any CPU.Build.0 = Debug|Any CPU
		{56996B28-F6C8-4ADC-92E4-EA29F14029BB}.Release|Any CPU.ActiveCfg = Release|Any CPU
		{56996B28-F6C8-4ADC-92E4-EA29F14029BB}.Release|Any CPU.Build.0 = Release|Any CPU
		{9B2F45F4-0472-48CA-8BC8-742AFD1A8FBA}.Debug|Any CPU.ActiveCfg = Debug|Any CPU
		{9B2F45F4-0472-48CA-8BC8-742AFD1A8FBA}.Debug|Any CPU.Build.0 = Debug|Any CPU
		{9B2F45F4-0472-48CA-8BC8-742AFD1A8FBA}.Release|Any CPU.ActiveCfg = Release|Any CPU
		{9B2F45F4-0472-48CA-8BC8-742AFD1A8FBA}.Release|Any CPU.Build.0 = Release|Any CPU
		{59317610-C2B9-4117-904B-95EF10928DED}.Debug|Any CPU.ActiveCfg = Debug|Any CPU
		{59317610-C2B9-4117-904B-95EF10928DED}.Debug|Any CPU.Build.0 = Debug|Any CPU
		{59317610-C2B9-4117-904B-95EF10928DED}.Release|Any CPU.ActiveCfg = Release|Any CPU
		{59317610-C2B9-4117-904B-95EF10928DED}.Release|Any CPU.Build.0 = Release|Any CPU
		{1970215F-D41D-4E53-93B8-25A5374A9CF4}.Debug|Any CPU.ActiveCfg = Debug|Any CPU
		{1970215F-D41D-4E53-93B8-25A5374A9CF4}.Debug|Any CPU.Build.0 = Debug|Any CPU
		{1970215F-D41D-4E53-93B8-25A5374A9CF4}.Release|Any CPU.ActiveCfg = Release|Any CPU
		{1970215F-D41D-4E53-93B8-25A5374A9CF4}.Release|Any CPU.Build.0 = Release|Any CPU
	EndGlobalSection
	GlobalSection(SolutionProperties) = preSolution
		HideSolutionNode = FALSE
	EndGlobalSection
	GlobalSection(ExtensibilityGlobals) = postSolution
		SolutionGuid = {FCCF5F43-24B2-443D-9EE9-F8B0A020A246}
	EndGlobalSection
EndGlobal
